
Microsoft Visual Studio Solution File, Format Version 12.00
# Visual Studio 15
VisualStudioVersion = 15.0.28307.1267
MinimumVisualStudioVersion = 10.0.40219.1
Project("{8BC9CEB8-8B4A-11D0-8D11-00A0C91BC942}") = "ConcurrentMemoryPool", "ConcurrentMemoryPool\ConcurrentMemoryPool.vcxproj", "{C6F7B599-C89C-4720-A45A-1F6DE4AE1CED}"
EndProject
Global
	GlobalSection(Performance) = preSolution
		HasPerformanceSessions = true
	EndGlobalSection
	GlobalSection(SolutionConfigurationPlatforms) = preSolution
		Debug|x64 = Debug|x64
		Debug|x86 = Debug|x86
		Release|x64 = Release|x64
		Release|x86 = Release|x86
	EndGlobalSection
	GlobalSection(ProjectConfigurationPlatforms) = postSolution
		{C6F7B599-C89C-4720-A45A-1F6DE4AE1CED}.Debug|x64.ActiveCfg = Debug|x64
		{C6F7B599-C89C-4720-A45A-1F6DE4AE1CED}.Debug|x64.Build.0 = Debug|x64
		{C6F7B599-C89C-4720-A45A-1F6DE4AE1CED}.Debug|x86.ActiveCfg = Debug|Win32
		{C6F7B599-C89C-4720-A45A-1F6DE4AE1CED}.Debug|x86.Build.0 = Debug|Win32
		{C6F7B599-C89C-4720-A45A-1F6DE4AE1CED}.Release|x64.ActiveCfg = Release|x64
		{C6F7B599-C89C-4720-A45A-1F6DE4AE1CED}.Release|x64.Build.0 = Release|x64
		{C6F7B599-C89C-4720-A45A-1F6DE4AE1CED}.Release|x86.ActiveCfg = Release|Win32
		{C6F7B599-C89C-4720-A45A-1F6DE4AE1CED}.Release|x86.Build.0 = Release|Win32
	EndGlobalSection
	GlobalSection(SolutionProperties) = preSolution
		HideSolutionNode = FALSE
	EndGlobalSection
	GlobalSection(ExtensibilityGlobals) = postSolution
		SolutionGuid = {B8E19A58-32AD-4720-B385-401DE30E7CCE}
	EndGlobalSection
EndGlobal
